
Microsoft Visual Studio Solution File, Format Version 12.00
# Visual Studio Version 16
VisualStudioVersion = 16.0.31702.278
MinimumVisualStudioVersion = 10.0.40219.1
Project("{9A19103F-16F7-4668-BE54-9A1E7A4F7556}") = "LandonHotel", "LandonHotel\LandonHotel.csproj", "{5CB2DA5D-DA94-4B80-8D3A-7F753DE746BE}"
EndProject
Project("{FAE04EC0-301F-11D3-BF4B-00C04F79EFBC}") = "LandonHotelTest", "LandonHotelTest\LandonHotelTest.csproj", "{51BBB28D-EC90-44A8-9C4D-DF1EB81FEEA4}"
EndProject
Global
	GlobalSection(SolutionConfigurationPlatforms) = preSolution
		Debug|Any CPU = Debug|Any CPU
		Release|Any CPU = Release|Any CPU
	EndGlobalSection
	GlobalSection(ProjectConfigurationPlatforms) = postSolution
		{5CB2DA5D-DA94-4B80-8D3A-7F753DE746BE}.Debug|Any CPU.ActiveCfg = Debug|Any CPU
		{5CB2DA5D-DA94-4B80-8D3A-7F753DE746BE}.Debug|Any CPU.Build.0 = Debug|Any CPU
		{5CB2DA5D-DA94-4B80-8D3A-7F753DE746BE}.Release|Any CPU.ActiveCfg = Release|Any CPU
		{5CB2DA5D-DA94-4B80-8D3A-7F753DE746BE}.Release|Any CPU.Build.0 = Release|Any CPU
		{51BBB28D-EC90-44A8-9C4D-DF1EB81FEEA4}.Debug|Any CPU.ActiveCfg = Debug|Any CPU
		{51BBB28D-EC90-44A8-9C4D-DF1EB81FEEA4}.Debug|Any CPU.Build.0 = Debug|Any CPU
		{51BBB28D-EC90-44A8-9C4D-DF1EB81FEEA4}.Release|Any CPU.ActiveCfg = Release|Any CPU
		{51BBB28D-EC90-44A8-9C4D-DF1EB81FEEA4}.Release|Any CPU.Build.0 = Release|Any CPU
	EndGlobalSection
	GlobalSection(SolutionProperties) = preSolution
		HideSolutionNode = FALSE
	EndGlobalSection
	GlobalSection(ExtensibilityGlobals) = postSolution
		SolutionGuid = {17082E52-A9F7-4A50-8E84-FA3D0E2CE307}
	EndGlobalSection
EndGlobal
